
Microsoft Visual Studio Solution File, Format Version 12.00
# Visual Studio Version 16
VisualStudioVersion = 16.0.29709.97
MinimumVisualStudioVersion = 10.0.40219.1
Project("{9A19103F-16F7-4668-BE54-9A1E7A4F7556}") = "BookStore", "BookStore\BookStore.csproj", "{FABFBF58-8690-454F-B30B-19B3C9671320}"
EndProject
Project("{FAE04EC0-301F-11D3-BF4B-00C04F79EFBC}") = "BookStore.Demo", "BookStore.Demo\BookStore.Demo.csproj", "{11669F97-E6E0-4176-9946-3A7835096596}"
EndProject
Global
	GlobalSection(SolutionConfigurationPlatforms) = preSolution
		Debug|Any CPU = Debug|Any CPU
		Release|Any CPU = Release|Any CPU
	EndGlobalSection
	GlobalSection(ProjectConfigurationPlatforms) = postSolution
		{FABFBF58-8690-454F-B30B-19B3C9671320}.Debug|Any CPU.ActiveCfg = Debug|Any CPU
		{FABFBF58-8690-454F-B30B-19B3C9671320}.Debug|Any CPU.Build.0 = Debug|Any CPU
		{FABFBF58-8690-454F-B30B-19B3C9671320}.Release|Any CPU.ActiveCfg = Release|Any CPU
		{FABFBF58-8690-454F-B30B-19B3C9671320}.Release|Any CPU.Build.0 = Release|Any CPU
		{11669F97-E6E0-4176-9946-3A7835096596}.Debug|Any CPU.ActiveCfg = Debug|Any CPU
		{11669F97-E6E0-4176-9946-3A7835096596}.Debug|Any CPU.Build.0 = Debug|Any CPU
		{11669F97-E6E0-4176-9946-3A7835096596}.Release|Any CPU.ActiveCfg = Release|Any CPU
		{11669F97-E6E0-4176-9946-3A7835096596}.Release|Any CPU.Build.0 = Release|Any CPU
	EndGlobalSection
	GlobalSection(SolutionProperties) = preSolution
		HideSolutionNode = FALSE
	EndGlobalSection
	GlobalSection(ExtensibilityGlobals) = postSolution
		SolutionGuid = {13BB84E6-774F-46BE-BB8B-7066647F0A86}
	EndGlobalSection
EndGlobal
